
Microsoft Visual Studio Solution File, Format Version 12.00
# Visual Studio Version 16
VisualStudioVersion = 16.0.30717.126
MinimumVisualStudioVersion = 10.0.40219.1
Project("{FAE04EC0-301F-11D3-BF4B-00C04F79EFBC}") = "uyg12", "uyg12\uyg12.csproj", "{99F905BB-CA88-4ABC-9A8F-DFBECF54E955}"
EndProject
Global
	GlobalSection(SolutionConfigurationPlatforms) = preSolution
		Debug|Any CPU = Debug|Any CPU
		Release|Any CPU = Release|Any CPU
	EndGlobalSection
	GlobalSection(ProjectConfigurationPlatforms) = postSolution
		{99F905BB-CA88-4ABC-9A8F-DFBECF54E955}.Debug|Any CPU.ActiveCfg = Debug|Any CPU
		{99F905BB-CA88-4ABC-9A8F-DFBECF54E955}.Debug|Any CPU.Build.0 = Debug|Any CPU
		{99F905BB-CA88-4ABC-9A8F-DFBECF54E955}.Release|Any CPU.ActiveCfg = Release|Any CPU
		{99F905BB-CA88-4ABC-9A8F-DFBECF54E955}.Release|Any CPU.Build.0 = Release|Any CPU
	EndGlobalSection
	GlobalSection(SolutionProperties) = preSolution
		HideSolutionNode = FALSE
	EndGlobalSection
	GlobalSection(ExtensibilityGlobals) = postSolution
		SolutionGuid = {CD44D450-EFA9-4D48-A1E3-A3BCE4F50AE5}
	EndGlobalSection
EndGlobal
