
Microsoft Visual Studio Solution File, Format Version 12.00
# Visual Studio Version 16
VisualStudioVersion = 16.0.30717.126
MinimumVisualStudioVersion = 10.0.40219.1
Project("{FAE04EC0-301F-11D3-BF4B-00C04F79EFBC}") = "uyg8", "uyg8\uyg8.csproj", "{0C395B15-6C2C-45A4-98D6-16574DB5FFD2}"
EndProject
Global
	GlobalSection(SolutionConfigurationPlatforms) = preSolution
		Debug|Any CPU = Debug|Any CPU
		Release|Any CPU = Release|Any CPU
	EndGlobalSection
	GlobalSection(ProjectConfigurationPlatforms) = postSolution
		{0C395B15-6C2C-45A4-98D6-16574DB5FFD2}.Debug|Any CPU.ActiveCfg = Debug|Any CPU
		{0C395B15-6C2C-45A4-98D6-16574DB5FFD2}.Debug|Any CPU.Build.0 = Debug|Any CPU
		{0C395B15-6C2C-45A4-98D6-16574DB5FFD2}.Release|Any CPU.ActiveCfg = Release|Any CPU
		{0C395B15-6C2C-45A4-98D6-16574DB5FFD2}.Release|Any CPU.Build.0 = Release|Any CPU
	EndGlobalSection
	GlobalSection(SolutionProperties) = preSolution
		HideSolutionNode = FALSE
	EndGlobalSection
	GlobalSection(ExtensibilityGlobals) = postSolution
		SolutionGuid = {955BE9F3-3E03-4412-999E-BF40584AB4AB}
	EndGlobalSection
EndGlobal
