
Microsoft Visual Studio Solution File, Format Version 12.00
# Visual Studio Version 16
VisualStudioVersion = 16.0.30717.126
MinimumVisualStudioVersion = 10.0.40219.1
Project("{FAE04EC0-301F-11D3-BF4B-00C04F79EFBC}") = "uyg3 tarih cıktısı", "uyg3 tarih cıktısı\uyg3 tarih cıktısı.csproj", "{93876B44-E890-431A-93EF-BF578435ACFE}"
EndProject
Global
	GlobalSection(SolutionConfigurationPlatforms) = preSolution
		Debug|Any CPU = Debug|Any CPU
		Release|Any CPU = Release|Any CPU
	EndGlobalSection
	GlobalSection(ProjectConfigurationPlatforms) = postSolution
		{93876B44-E890-431A-93EF-BF578435ACFE}.Debug|Any CPU.ActiveCfg = Debug|Any CPU
		{93876B44-E890-431A-93EF-BF578435ACFE}.Debug|Any CPU.Build.0 = Debug|Any CPU
		{93876B44-E890-431A-93EF-BF578435ACFE}.Release|Any CPU.ActiveCfg = Release|Any CPU
		{93876B44-E890-431A-93EF-BF578435ACFE}.Release|Any CPU.Build.0 = Release|Any CPU
	EndGlobalSection
	GlobalSection(SolutionProperties) = preSolution
		HideSolutionNode = FALSE
	EndGlobalSection
	GlobalSection(ExtensibilityGlobals) = postSolution
		SolutionGuid = {03C9EF12-8C34-4185-8E1A-107DD5BD2A53}
	EndGlobalSection
EndGlobal
