
Microsoft Visual Studio Solution File, Format Version 12.00
# Visual Studio Version 16
VisualStudioVersion = 16.0.30717.126
MinimumVisualStudioVersion = 10.0.40219.1
Project("{FAE04EC0-301F-11D3-BF4B-00C04F79EFBC}") = "uyg10", "uyg10\uyg10.csproj", "{DBAC9A50-A90E-4FB9-914C-9CD8DCA1C12D}"
EndProject
Global
	GlobalSection(SolutionConfigurationPlatforms) = preSolution
		Debug|Any CPU = Debug|Any CPU
		Release|Any CPU = Release|Any CPU
	EndGlobalSection
	GlobalSection(ProjectConfigurationPlatforms) = postSolution
		{DBAC9A50-A90E-4FB9-914C-9CD8DCA1C12D}.Debug|Any CPU.ActiveCfg = Debug|Any CPU
		{DBAC9A50-A90E-4FB9-914C-9CD8DCA1C12D}.Debug|Any CPU.Build.0 = Debug|Any CPU
		{DBAC9A50-A90E-4FB9-914C-9CD8DCA1C12D}.Release|Any CPU.ActiveCfg = Release|Any CPU
		{DBAC9A50-A90E-4FB9-914C-9CD8DCA1C12D}.Release|Any CPU.Build.0 = Release|Any CPU
	EndGlobalSection
	GlobalSection(SolutionProperties) = preSolution
		HideSolutionNode = FALSE
	EndGlobalSection
	GlobalSection(ExtensibilityGlobals) = postSolution
		SolutionGuid = {69943416-D777-4A4C-8649-DAEEF76E4E82}
	EndGlobalSection
EndGlobal
