
Microsoft Visual Studio Solution File, Format Version 12.00
# Visual Studio Version 16
VisualStudioVersion = 16.0.30717.126
MinimumVisualStudioVersion = 10.0.40219.1
Project("{FAE04EC0-301F-11D3-BF4B-00C04F79EFBC}") = "uyg29", "uyg29\uyg29.csproj", "{6C15B60B-1253-4C42-8411-51475084A42C}"
EndProject
Global
	GlobalSection(SolutionConfigurationPlatforms) = preSolution
		Debug|Any CPU = Debug|Any CPU
		Release|Any CPU = Release|Any CPU
	EndGlobalSection
	GlobalSection(ProjectConfigurationPlatforms) = postSolution
		{6C15B60B-1253-4C42-8411-51475084A42C}.Debug|Any CPU.ActiveCfg = Debug|Any CPU
		{6C15B60B-1253-4C42-8411-51475084A42C}.Debug|Any CPU.Build.0 = Debug|Any CPU
		{6C15B60B-1253-4C42-8411-51475084A42C}.Release|Any CPU.ActiveCfg = Release|Any CPU
		{6C15B60B-1253-4C42-8411-51475084A42C}.Release|Any CPU.Build.0 = Release|Any CPU
	EndGlobalSection
	GlobalSection(SolutionProperties) = preSolution
		HideSolutionNode = FALSE
	EndGlobalSection
	GlobalSection(ExtensibilityGlobals) = postSolution
		SolutionGuid = {ECDCF43B-F50C-4B1F-B3ED-2EF256DA91EB}
	EndGlobalSection
EndGlobal
