
Microsoft Visual Studio Solution File, Format Version 12.00
# Visual Studio Version 16
VisualStudioVersion = 16.0.30717.126
MinimumVisualStudioVersion = 10.0.40219.1
Project("{FAE04EC0-301F-11D3-BF4B-00C04F79EFBC}") = "uyg23", "uyg23\uyg23.csproj", "{269DFC9F-1AC4-416D-BFD3-64D912C7760B}"
EndProject
Global
	GlobalSection(SolutionConfigurationPlatforms) = preSolution
		Debug|Any CPU = Debug|Any CPU
		Release|Any CPU = Release|Any CPU
	EndGlobalSection
	GlobalSection(ProjectConfigurationPlatforms) = postSolution
		{269DFC9F-1AC4-416D-BFD3-64D912C7760B}.Debug|Any CPU.ActiveCfg = Debug|Any CPU
		{269DFC9F-1AC4-416D-BFD3-64D912C7760B}.Debug|Any CPU.Build.0 = Debug|Any CPU
		{269DFC9F-1AC4-416D-BFD3-64D912C7760B}.Release|Any CPU.ActiveCfg = Release|Any CPU
		{269DFC9F-1AC4-416D-BFD3-64D912C7760B}.Release|Any CPU.Build.0 = Release|Any CPU
	EndGlobalSection
	GlobalSection(SolutionProperties) = preSolution
		HideSolutionNode = FALSE
	EndGlobalSection
	GlobalSection(ExtensibilityGlobals) = postSolution
		SolutionGuid = {2337DE86-7E0A-46ED-A3E7-AC68D0ECB946}
	EndGlobalSection
EndGlobal
