
Microsoft Visual Studio Solution File, Format Version 12.00
# Visual Studio Version 16
VisualStudioVersion = 16.0.30717.126
MinimumVisualStudioVersion = 10.0.40219.1
Project("{FAE04EC0-301F-11D3-BF4B-00C04F79EFBC}") = "uyg25", "uyg25\uyg25.csproj", "{AD62C6D0-D052-4C49-906D-5EC0D493F507}"
EndProject
Global
	GlobalSection(SolutionConfigurationPlatforms) = preSolution
		Debug|Any CPU = Debug|Any CPU
		Release|Any CPU = Release|Any CPU
	EndGlobalSection
	GlobalSection(ProjectConfigurationPlatforms) = postSolution
		{AD62C6D0-D052-4C49-906D-5EC0D493F507}.Debug|Any CPU.ActiveCfg = Debug|Any CPU
		{AD62C6D0-D052-4C49-906D-5EC0D493F507}.Debug|Any CPU.Build.0 = Debug|Any CPU
		{AD62C6D0-D052-4C49-906D-5EC0D493F507}.Release|Any CPU.ActiveCfg = Release|Any CPU
		{AD62C6D0-D052-4C49-906D-5EC0D493F507}.Release|Any CPU.Build.0 = Release|Any CPU
	EndGlobalSection
	GlobalSection(SolutionProperties) = preSolution
		HideSolutionNode = FALSE
	EndGlobalSection
	GlobalSection(ExtensibilityGlobals) = postSolution
		SolutionGuid = {9B0D2864-C267-44AA-B4A5-B042E2BF7836}
	EndGlobalSection
EndGlobal
