
Microsoft Visual Studio Solution File, Format Version 12.00
# Visual Studio Version 16
VisualStudioVersion = 16.0.30717.126
MinimumVisualStudioVersion = 10.0.40219.1
Project("{FAE04EC0-301F-11D3-BF4B-00C04F79EFBC}") = "uyg36", "uyg36\uyg36.csproj", "{092A2936-5C47-4BCF-87D3-35DBE0B6D346}"
EndProject
Global
	GlobalSection(SolutionConfigurationPlatforms) = preSolution
		Debug|Any CPU = Debug|Any CPU
		Release|Any CPU = Release|Any CPU
	EndGlobalSection
	GlobalSection(ProjectConfigurationPlatforms) = postSolution
		{092A2936-5C47-4BCF-87D3-35DBE0B6D346}.Debug|Any CPU.ActiveCfg = Debug|Any CPU
		{092A2936-5C47-4BCF-87D3-35DBE0B6D346}.Debug|Any CPU.Build.0 = Debug|Any CPU
		{092A2936-5C47-4BCF-87D3-35DBE0B6D346}.Release|Any CPU.ActiveCfg = Release|Any CPU
		{092A2936-5C47-4BCF-87D3-35DBE0B6D346}.Release|Any CPU.Build.0 = Release|Any CPU
	EndGlobalSection
	GlobalSection(SolutionProperties) = preSolution
		HideSolutionNode = FALSE
	EndGlobalSection
	GlobalSection(ExtensibilityGlobals) = postSolution
		SolutionGuid = {749AA860-0A1A-40F3-9E9C-3F9CC6A41601}
	EndGlobalSection
EndGlobal
