
Microsoft Visual Studio Solution File, Format Version 12.00
# Visual Studio Version 16
VisualStudioVersion = 16.0.30717.126
MinimumVisualStudioVersion = 10.0.40219.1
Project("{FAE04EC0-301F-11D3-BF4B-00C04F79EFBC}") = "uyg7", "uyg7\uyg7.csproj", "{07B4B21A-AFDC-43EE-8817-DB669E20C5DB}"
EndProject
Global
	GlobalSection(SolutionConfigurationPlatforms) = preSolution
		Debug|Any CPU = Debug|Any CPU
		Release|Any CPU = Release|Any CPU
	EndGlobalSection
	GlobalSection(ProjectConfigurationPlatforms) = postSolution
		{07B4B21A-AFDC-43EE-8817-DB669E20C5DB}.Debug|Any CPU.ActiveCfg = Debug|Any CPU
		{07B4B21A-AFDC-43EE-8817-DB669E20C5DB}.Debug|Any CPU.Build.0 = Debug|Any CPU
		{07B4B21A-AFDC-43EE-8817-DB669E20C5DB}.Release|Any CPU.ActiveCfg = Release|Any CPU
		{07B4B21A-AFDC-43EE-8817-DB669E20C5DB}.Release|Any CPU.Build.0 = Release|Any CPU
	EndGlobalSection
	GlobalSection(SolutionProperties) = preSolution
		HideSolutionNode = FALSE
	EndGlobalSection
	GlobalSection(ExtensibilityGlobals) = postSolution
		SolutionGuid = {550C0F77-D8FE-4CA6-8669-DE6943580B51}
	EndGlobalSection
EndGlobal
